
Microsoft Visual Studio Solution File, Format Version 12.00
# Visual Studio 2013
VisualStudioVersion = 12.0.21005.1
MinimumVisualStudioVersion = 10.0.40219.1
Project("{FAE04EC0-301F-11D3-BF4B-00C04F79EFBC}") = "Task1.NthRoot", "Task1\Task1.NthRoot.csproj", "{B722A96E-8A64-4E02-9142-915B794DE40C}"
EndProject
Project("{FAE04EC0-301F-11D3-BF4B-00C04F79EFBC}") = "Task2.SortJaggedArray", "Task2.SortJaggedArray\Task2.SortJaggedArray.csproj", "{18CB1D85-C731-46CF-BEA4-28AE35EC8F53}"
EndProject
Global
	GlobalSection(SolutionConfigurationPlatforms) = preSolution
		Debug|Any CPU = Debug|Any CPU
		Release|Any CPU = Release|Any CPU
	EndGlobalSection
	GlobalSection(ProjectConfigurationPlatforms) = postSolution
		{B722A96E-8A64-4E02-9142-915B794DE40C}.Debug|Any CPU.ActiveCfg = Debug|Any CPU
		{B722A96E-8A64-4E02-9142-915B794DE40C}.Debug|Any CPU.Build.0 = Debug|Any CPU
		{B722A96E-8A64-4E02-9142-915B794DE40C}.Release|Any CPU.ActiveCfg = Release|Any CPU
		{B722A96E-8A64-4E02-9142-915B794DE40C}.Release|Any CPU.Build.0 = Release|Any CPU
		{18CB1D85-C731-46CF-BEA4-28AE35EC8F53}.Debug|Any CPU.ActiveCfg = Debug|Any CPU
		{18CB1D85-C731-46CF-BEA4-28AE35EC8F53}.Debug|Any CPU.Build.0 = Debug|Any CPU
		{18CB1D85-C731-46CF-BEA4-28AE35EC8F53}.Release|Any CPU.ActiveCfg = Release|Any CPU
		{18CB1D85-C731-46CF-BEA4-28AE35EC8F53}.Release|Any CPU.Build.0 = Release|Any CPU
	EndGlobalSection
	GlobalSection(SolutionProperties) = preSolution
		HideSolutionNode = FALSE
	EndGlobalSection
EndGlobal
